
Microsoft Visual Studio Solution File, Format Version 12.00
# Visual Studio Version 16
VisualStudioVersion = 16.0.29123.88
MinimumVisualStudioVersion = 10.0.40219.1
Project("{FAE04EC0-301F-11D3-BF4B-00C04F79EFBC}") = "While Loops", "While Loops\While Loops.csproj", "{952C73E1-9B79-4102-8BC5-080E23A1A1DA}"
EndProject
Global
	GlobalSection(SolutionConfigurationPlatforms) = preSolution
		Debug|Any CPU = Debug|Any CPU
		Release|Any CPU = Release|Any CPU
	EndGlobalSection
	GlobalSection(ProjectConfigurationPlatforms) = postSolution
		{952C73E1-9B79-4102-8BC5-080E23A1A1DA}.Debug|Any CPU.ActiveCfg = Debug|Any CPU
		{952C73E1-9B79-4102-8BC5-080E23A1A1DA}.Debug|Any CPU.Build.0 = Debug|Any CPU
		{952C73E1-9B79-4102-8BC5-080E23A1A1DA}.Release|Any CPU.ActiveCfg = Release|Any CPU
		{952C73E1-9B79-4102-8BC5-080E23A1A1DA}.Release|Any CPU.Build.0 = Release|Any CPU
	EndGlobalSection
	GlobalSection(SolutionProperties) = preSolution
		HideSolutionNode = FALSE
	EndGlobalSection
	GlobalSection(ExtensibilityGlobals) = postSolution
		SolutionGuid = {7497A317-72F3-4A63-968E-E092F37399B1}
	EndGlobalSection
EndGlobal
